
Microsoft Visual Studio Solution File, Format Version 12.00
# Visual Studio 15
VisualStudioVersion = 15.0.28307.852
MinimumVisualStudioVersion = 10.0.40219.1
Project("{8BC9CEB8-8B4A-11D0-8D11-00A0C91BC942}") = "Q53", "Q53\Q53.vcxproj", "{CAE4C08B-9C43-4009-8738-E5B88772D106}"
EndProject
Project("{8BC9CEB8-8B4A-11D0-8D11-00A0C91BC942}") = "Q55", "Q55\Q55.vcxproj", "{6B63488C-4415-49D4-819D-DCEBCE727309}"
EndProject
Project("{8BC9CEB8-8B4A-11D0-8D11-00A0C91BC942}") = "Q56", "Q56\Q56.vcxproj", "{BC1E0177-922C-45FA-BDE8-E5E17302F7DF}"
EndProject
Project("{8BC9CEB8-8B4A-11D0-8D11-00A0C91BC942}") = "Q58", "Q58\Q58.vcxproj", "{6DB5213B-576C-4869-A065-3A897AEB67AA}"
EndProject
Project("{8BC9CEB8-8B4A-11D0-8D11-00A0C91BC942}") = "Q62", "Q62\Q62.vcxproj", "{A93EEE10-0E0A-4186-8379-E65B19526246}"
EndProject
Project("{8BC9CEB8-8B4A-11D0-8D11-00A0C91BC942}") = "Q61", "Q61\Q61.vcxproj", "{4B15F6C0-26C2-4FC1-810E-A2DD62E3B28A}"
EndProject
Project("{8BC9CEB8-8B4A-11D0-8D11-00A0C91BC942}") = "Q60", "Q60\Q60.vcxproj", "{50035444-5077-4491-889D-8F035349EB50}"
EndProject
Project("{8BC9CEB8-8B4A-11D0-8D11-00A0C91BC942}") = "Q59", "Q59\Q59.vcxproj", "{CAB18EB1-C73C-435D-9CD3-3727B991E520}"
EndProject
Project("{8BC9CEB8-8B4A-11D0-8D11-00A0C91BC942}") = "Q57", "Q57\Q57.vcxproj", "{80549DEA-18CB-4810-998D-925319E55A14}"
EndProject
Project("{8BC9CEB8-8B4A-11D0-8D11-00A0C91BC942}") = "Q54", "Q54\Q54.vcxproj", "{8C072FCA-C8E9-4FCB-AD0E-866689531B6D}"
EndProject
Global
	GlobalSection(SolutionConfigurationPlatforms) = preSolution
		Debug|x64 = Debug|x64
		Debug|x86 = Debug|x86
		Release|x64 = Release|x64
		Release|x86 = Release|x86
	EndGlobalSection
	GlobalSection(ProjectConfigurationPlatforms) = postSolution
		{CAE4C08B-9C43-4009-8738-E5B88772D106}.Debug|x64.ActiveCfg = Debug|x64
		{CAE4C08B-9C43-4009-8738-E5B88772D106}.Debug|x64.Build.0 = Debug|x64
		{CAE4C08B-9C43-4009-8738-E5B88772D106}.Debug|x86.ActiveCfg = Debug|Win32
		{CAE4C08B-9C43-4009-8738-E5B88772D106}.Debug|x86.Build.0 = Debug|Win32
		{CAE4C08B-9C43-4009-8738-E5B88772D106}.Release|x64.ActiveCfg = Release|x64
		{CAE4C08B-9C43-4009-8738-E5B88772D106}.Release|x64.Build.0 = Release|x64
		{CAE4C08B-9C43-4009-8738-E5B88772D106}.Release|x86.ActiveCfg = Release|Win32
		{CAE4C08B-9C43-4009-8738-E5B88772D106}.Release|x86.Build.0 = Release|Win32
		{6B63488C-4415-49D4-819D-DCEBCE727309}.Debug|x64.ActiveCfg = Debug|x64
		{6B63488C-4415-49D4-819D-DCEBCE727309}.Debug|x64.Build.0 = Debug|x64
		{6B63488C-4415-49D4-819D-DCEBCE727309}.Debug|x86.ActiveCfg = Debug|Win32
		{6B63488C-4415-49D4-819D-DCEBCE727309}.Debug|x86.Build.0 = Debug|Win32
		{6B63488C-4415-49D4-819D-DCEBCE727309}.Release|x64.ActiveCfg = Release|x64
		{6B63488C-4415-49D4-819D-DCEBCE727309}.Release|x64.Build.0 = Release|x64
		{6B63488C-4415-49D4-819D-DCEBCE727309}.Release|x86.ActiveCfg = Release|Win32
		{6B63488C-4415-49D4-819D-DCEBCE727309}.Release|x86.Build.0 = Release|Win32
		{BC1E0177-922C-45FA-BDE8-E5E17302F7DF}.Debug|x64.ActiveCfg = Debug|x64
		{BC1E0177-922C-45FA-BDE8-E5E17302F7DF}.Debug|x64.Build.0 = Debug|x64
		{BC1E0177-922C-45FA-BDE8-E5E17302F7DF}.Debug|x86.ActiveCfg = Debug|Win32
		{BC1E0177-922C-45FA-BDE8-E5E17302F7DF}.Debug|x86.Build.0 = Debug|Win32
		{BC1E0177-922C-45FA-BDE8-E5E17302F7DF}.Release|x64.ActiveCfg = Release|x64
		{BC1E0177-922C-45FA-BDE8-E5E17302F7DF}.Release|x64.Build.0 = Release|x64
		{BC1E0177-922C-45FA-BDE8-E5E17302F7DF}.Release|x86.ActiveCfg = Release|Win32
		{BC1E0177-922C-45FA-BDE8-E5E17302F7DF}.Release|x86.Build.0 = Release|Win32
		{6DB5213B-576C-4869-A065-3A897AEB67AA}.Debug|x64.ActiveCfg = Debug|x64
		{6DB5213B-576C-4869-A065-3A897AEB67AA}.Debug|x64.Build.0 = Debug|x64
		{6DB5213B-576C-4869-A065-3A897AEB67AA}.Debug|x86.ActiveCfg = Debug|Win32
		{6DB5213B-576C-4869-A065-3A897AEB67AA}.Debug|x86.Build.0 = Debug|Win32
		{6DB5213B-576C-4869-A065-3A897AEB67AA}.Release|x64.ActiveCfg = Release|x64
		{6DB5213B-576C-4869-A065-3A897AEB67AA}.Release|x64.Build.0 = Release|x64
		{6DB5213B-576C-4869-A065-3A897AEB67AA}.Release|x86.ActiveCfg = Release|Win32
		{6DB5213B-576C-4869-A065-3A897AEB67AA}.Release|x86.Build.0 = Release|Win32
		{A93EEE10-0E0A-4186-8379-E65B19526246}.Debug|x64.ActiveCfg = Debug|x64
		{A93EEE10-0E0A-4186-8379-E65B19526246}.Debug|x64.Build.0 = Debug|x64
		{A93EEE10-0E0A-4186-8379-E65B19526246}.Debug|x86.ActiveCfg = Debug|Win32
		{A93EEE10-0E0A-4186-8379-E65B19526246}.Debug|x86.Build.0 = Debug|Win32
		{A93EEE10-0E0A-4186-8379-E65B19526246}.Release|x64.ActiveCfg = Release|x64
		{A93EEE10-0E0A-4186-8379-E65B19526246}.Release|x64.Build.0 = Release|x64
		{A93EEE10-0E0A-4186-8379-E65B19526246}.Release|x86.ActiveCfg = Release|Win32
		{A93EEE10-0E0A-4186-8379-E65B19526246}.Release|x86.Build.0 = Release|Win32
		{4B15F6C0-26C2-4FC1-810E-A2DD62E3B28A}.Debug|x64.ActiveCfg = Debug|x64
		{4B15F6C0-26C2-4FC1-810E-A2DD62E3B28A}.Debug|x64.Build.0 = Debug|x64
		{4B15F6C0-26C2-4FC1-810E-A2DD62E3B28A}.Debug|x86.ActiveCfg = Debug|Win32
		{4B15F6C0-26C2-4FC1-810E-A2DD62E3B28A}.Debug|x86.Build.0 = Debug|Win32
		{4B15F6C0-26C2-4FC1-810E-A2DD62E3B28A}.Release|x64.ActiveCfg = Release|x64
		{4B15F6C0-26C2-4FC1-810E-A2DD62E3B28A}.Release|x64.Build.0 = Release|x64
		{4B15F6C0-26C2-4FC1-810E-A2DD62E3B28A}.Release|x86.ActiveCfg = Release|Win32
		{4B15F6C0-26C2-4FC1-810E-A2DD62E3B28A}.Release|x86.Build.0 = Release|Win32
		{50035444-5077-4491-889D-8F035349EB50}.Debug|x64.ActiveCfg = Debug|x64
		{50035444-5077-4491-889D-8F035349EB50}.Debug|x64.Build.0 = Debug|x64
		{50035444-5077-4491-889D-8F035349EB50}.Debug|x86.ActiveCfg = Debug|Win32
		{50035444-5077-4491-889D-8F035349EB50}.Debug|x86.Build.0 = Debug|Win32
		{50035444-5077-4491-889D-8F035349EB50}.Release|x64.ActiveCfg = Release|x64
		{50035444-5077-4491-889D-8F035349EB50}.Release|x64.Build.0 = Release|x64
		{50035444-5077-4491-889D-8F035349EB50}.Release|x86.ActiveCfg = Release|Win32
		{50035444-5077-4491-889D-8F035349EB50}.Release|x86.Build.0 = Release|Win32
		{CAB18EB1-C73C-435D-9CD3-3727B991E520}.Debug|x64.ActiveCfg = Debug|x64
		{CAB18EB1-C73C-435D-9CD3-3727B991E520}.Debug|x64.Build.0 = Debug|x64
		{CAB18EB1-C73C-435D-9CD3-3727B991E520}.Debug|x86.ActiveCfg = Debug|Win32
		{CAB18EB1-C73C-435D-9CD3-3727B991E520}.Debug|x86.Build.0 = Debug|Win32
		{CAB18EB1-C73C-435D-9CD3-3727B991E520}.Release|x64.ActiveCfg = Release|x64
		{CAB18EB1-C73C-435D-9CD3-3727B991E520}.Release|x64.Build.0 = Release|x64
		{CAB18EB1-C73C-435D-9CD3-3727B991E520}.Release|x86.ActiveCfg = Release|Win32
		{CAB18EB1-C73C-435D-9CD3-3727B991E520}.Release|x86.Build.0 = Release|Win32
		{80549DEA-18CB-4810-998D-925319E55A14}.Debug|x64.ActiveCfg = Debug|x64
		{80549DEA-18CB-4810-998D-925319E55A14}.Debug|x64.Build.0 = Debug|x64
		{80549DEA-18CB-4810-998D-925319E55A14}.Debug|x86.ActiveCfg = Debug|Win32
		{80549DEA-18CB-4810-998D-925319E55A14}.Debug|x86.Build.0 = Debug|Win32
		{80549DEA-18CB-4810-998D-925319E55A14}.Release|x64.ActiveCfg = Release|x64
		{80549DEA-18CB-4810-998D-925319E55A14}.Release|x64.Build.0 = Release|x64
		{80549DEA-18CB-4810-998D-925319E55A14}.Release|x86.ActiveCfg = Release|Win32
		{80549DEA-18CB-4810-998D-925319E55A14}.Release|x86.Build.0 = Release|Win32
		{8C072FCA-C8E9-4FCB-AD0E-866689531B6D}.Debug|x64.ActiveCfg = Debug|x64
		{8C072FCA-C8E9-4FCB-AD0E-866689531B6D}.Debug|x64.Build.0 = Debug|x64
		{8C072FCA-C8E9-4FCB-AD0E-866689531B6D}.Debug|x86.ActiveCfg = Debug|Win32
		{8C072FCA-C8E9-4FCB-AD0E-866689531B6D}.Debug|x86.Build.0 = Debug|Win32
		{8C072FCA-C8E9-4FCB-AD0E-866689531B6D}.Release|x64.ActiveCfg = Release|x64
		{8C072FCA-C8E9-4FCB-AD0E-866689531B6D}.Release|x64.Build.0 = Release|x64
		{8C072FCA-C8E9-4FCB-AD0E-866689531B6D}.Release|x86.ActiveCfg = Release|Win32
		{8C072FCA-C8E9-4FCB-AD0E-866689531B6D}.Release|x86.Build.0 = Release|Win32
	EndGlobalSection
	GlobalSection(SolutionProperties) = preSolution
		HideSolutionNode = FALSE
	EndGlobalSection
	GlobalSection(ExtensibilityGlobals) = postSolution
		SolutionGuid = {D5C18E25-DF09-4517-A495-6C2AABD2EE73}
	EndGlobalSection
EndGlobal
